
Microsoft Visual Studio Solution File, Format Version 12.00
# Visual Studio Version 16
VisualStudioVersion = 16.0.31112.23
MinimumVisualStudioVersion = 10.0.40219.1
Project("{8BC9CEB8-8B4A-11D0-8D11-00A0C91BC942}") = "Lesson7", "Lesson7.vcxproj", "{FE090B21-8906-4EB2-B741-F9B83094A2FB}"
EndProject
Global
	GlobalSection(SolutionConfigurationPlatforms) = preSolution
		Debug|x64 = Debug|x64
		Debug|x86 = Debug|x86
		Release|x64 = Release|x64
		Release|x86 = Release|x86
	EndGlobalSection
	GlobalSection(ProjectConfigurationPlatforms) = postSolution
		{FE090B21-8906-4EB2-B741-F9B83094A2FB}.Debug|x64.ActiveCfg = Debug|x64
		{FE090B21-8906-4EB2-B741-F9B83094A2FB}.Debug|x64.Build.0 = Debug|x64
		{FE090B21-8906-4EB2-B741-F9B83094A2FB}.Debug|x86.ActiveCfg = Debug|Win32
		{FE090B21-8906-4EB2-B741-F9B83094A2FB}.Debug|x86.Build.0 = Debug|Win32
		{FE090B21-8906-4EB2-B741-F9B83094A2FB}.Release|x64.ActiveCfg = Release|x64
		{FE090B21-8906-4EB2-B741-F9B83094A2FB}.Release|x64.Build.0 = Release|x64
		{FE090B21-8906-4EB2-B741-F9B83094A2FB}.Release|x86.ActiveCfg = Release|Win32
		{FE090B21-8906-4EB2-B741-F9B83094A2FB}.Release|x86.Build.0 = Release|Win32
	EndGlobalSection
	GlobalSection(SolutionProperties) = preSolution
		HideSolutionNode = FALSE
	EndGlobalSection
	GlobalSection(ExtensibilityGlobals) = postSolution
		SolutionGuid = {35A6E8B3-A1EA-4289-8C59-998CA78DA1B7}
	EndGlobalSection
EndGlobal
